{"version":4,"terraform_version":"1.9.0","serial":4,"lineage":"0080f173-714b-d9ce-daff-24a2a78a5646","outputs":{"name":{"value":"eg766d3b37ddd23016.localhost","type":"string"}},"resources":[{"mode":"managed","type":"random_id","name":"dummy","provider":"provider[\"registry.opentofu.org/hashicorp/random\"]","instances":[{"schema_version":0,"attributes":{"b64_std":"dm07N93SMBY=","b64_url":"dm07N93SMBY","byte_length":8,"dec":"8533541980067737622","hex":"766d3b37ddd23016","id":"dm07N93SMBY","keepers":null,"prefix":null},"sensitive_attributes":[]}]}],"check_results":null}
